
Microsoft Visual Studio Solution File, Format Version 12.00
# Visual Studio Version 17
VisualStudioVersion = 17.11.35303.130
MinimumVisualStudioVersion = 10.0.40219.1
Project("{FAE04EC0-301F-11D3-BF4B-00C04F79EFBC}") = "wpf_PE2_mastermind2", "wpf_PE2_mastermind2.csproj", "{1E0956F4-F2F5-4674-8852-873F52C788FE}"
EndProject
Global
	GlobalSection(SolutionConfigurationPlatforms) = preSolution
		Debug|Any CPU = Debug|Any CPU
		Release|Any CPU = Release|Any CPU
	EndGlobalSection
	GlobalSection(ProjectConfigurationPlatforms) = postSolution
		{1E0956F4-F2F5-4674-8852-873F52C788FE}.Debug|Any CPU.ActiveCfg = Debug|Any CPU
		{1E0956F4-F2F5-4674-8852-873F52C788FE}.Debug|Any CPU.Build.0 = Debug|Any CPU
		{1E0956F4-F2F5-4674-8852-873F52C788FE}.Release|Any CPU.ActiveCfg = Release|Any CPU
		{1E0956F4-F2F5-4674-8852-873F52C788FE}.Release|Any CPU.Build.0 = Release|Any CPU
	EndGlobalSection
	GlobalSection(SolutionProperties) = preSolution
		HideSolutionNode = FALSE
	EndGlobalSection
	GlobalSection(ExtensibilityGlobals) = postSolution
		SolutionGuid = {6C8D9AA0-5368-4893-AC56-AD2A7F664D19}
	EndGlobalSection
EndGlobal
